
Microsoft Visual Studio Solution File, Format Version 12.00
# Visual Studio Version 17
VisualStudioVersion = 17.7.34031.279
MinimumVisualStudioVersion = 10.0.40219.1
Project("{FAE04EC0-301F-11D3-BF4B-00C04F79EFBC}") = "ScanSnapImageOrganizer", "ScanSnapImageOrganizer\ScanSnapImageOrganizer.csproj", "{3E576F07-E5A3-4BE7-823D-0508071A608C}"
EndProject
Global
	GlobalSection(SolutionConfigurationPlatforms) = preSolution
		Debug|Any CPU = Debug|Any CPU
		Release|Any CPU = Release|Any CPU
	EndGlobalSection
	GlobalSection(ProjectConfigurationPlatforms) = postSolution
		{3E576F07-E5A3-4BE7-823D-0508071A608C}.Debug|Any CPU.ActiveCfg = Debug|Any CPU
		{3E576F07-E5A3-4BE7-823D-0508071A608C}.Debug|Any CPU.Build.0 = Debug|Any CPU
		{3E576F07-E5A3-4BE7-823D-0508071A608C}.Release|Any CPU.ActiveCfg = Release|Any CPU
		{3E576F07-E5A3-4BE7-823D-0508071A608C}.Release|Any CPU.Build.0 = Release|Any CPU
	EndGlobalSection
	GlobalSection(SolutionProperties) = preSolution
		HideSolutionNode = FALSE
	EndGlobalSection
	GlobalSection(ExtensibilityGlobals) = postSolution
		SolutionGuid = {AF9DCA86-1DB5-41C6-9FBA-4BEE0215B04C}
	EndGlobalSection
EndGlobal
